// !$*UTF8*$!
{
	archiveVersion = 1;
	classes = {
	};
	objectVersion = 56;
	objects = {

/* Begin PBXBuildFile section */
		05C4B2A12B910A880045862E /* KanbanBoardApp.swift in Sources */ = {isa = PBXBuildFile; fileRef = 05C4B2A02B910A880045862E /* KanbanBoardApp.swift */; };
		05C4B2A32B910A880045862E /* TaskView.swift in Sources */ = {isa = PBXBuildFile; fileRef = 05C4B2A22B910A880045862E /* TaskView.swift */; };
		05C4B2A52B910A8A0045862E /* Assets.xcassets in Resources */ = {isa = PBXBuildFile; fileRef = 05C4B2A42B910A8A0045862E /* Assets.xcassets */; };
		05C4B2A82B910A8A0045862E /* Preview Assets.xcassets in Resources */ = {isa = PBXBuildFile; fileRef = 05C4B2A72B910A8A0045862E /* Preview Assets.xcassets */; };
		05C4B2B02B9120AA0045862E /* TaskLoader.swift in Sources */ = {isa = PBXBuildFile; fileRef = 05C4B2AF2B9120AA0045862E /* TaskLoader.swift */; };
		05C4B2B62B91218F0045862E /* Tasks.md in Resources */ = {isa = PBXBuildFile; fileRef = 05C4B2B52B91218F0045862E /* Tasks.md */; };
/* End PBXBuildFile section */

/* Begin PBXFileReference section */
		05C4B29D2B910A880045862E /* KanbanBoard.app */ = {isa = PBXFileReference; explicitFileType = wrapper.application; includeInIndex = 0; path = KanbanBoard.app; sourceTree = BUILT_PRODUCTS_DIR; };
		05C4B2A02B910A880045862E /* KanbanBoardApp.swift */ = {isa = PBXFileReference; lastKnownFileType = sourcecode.swift; path = KanbanBoardApp.swift; sourceTree = "<group>"; };
		05C4B2A22B910A880045862E /* TaskView.swift */ = {isa = PBXFileReference; lastKnownFileType = sourcecode.swift; path = TaskView.swift; sourceTree = "<group>"; };
		05C4B2A42B910A8A0045862E /* Assets.xcassets */ = {isa = PBXFileReference; lastKnownFileType = folder.assetcatalog; path = Assets.xcassets; sourceTree = "<group>"; };
		05C4B2A72B910A8A0045862E /* Preview Assets.xcassets */ = {isa = PBXFileReference; lastKnownFileType = folder.assetcatalog; path = "Preview Assets.xcassets"; sourceTree = "<group>"; };
		05C4B2A92B910A8A0045862E /* KanbanBoard.entitlements */ = {isa = PBXFileReference; lastKnownFileType = text.plist.entitlements; path = KanbanBoard.entitlements; sourceTree = "<group>"; };
		05C4B2AF2B9120AA0045862E /* TaskLoader.swift */ = {isa = PBXFileReference; lastKnownFileType = sourcecode.swift; path = TaskLoader.swift; sourceTree = "<group>"; };
		05C4B2B52B91218F0045862E /* Tasks.md */ = {isa = PBXFileReference; fileEncoding = 4; lastKnownFileType = net.daringfireball.markdown; name = Tasks.md; path = "../../../../Library/Mobile Documents/iCloud~md~obsidian/Documents/Projects/CyberGym/Tasks.md"; sourceTree = "<group>"; };
/* End PBXFileReference section */

/* Begin PBXFrameworksBuildPhase section */
		05C4B29A2B910A880045862E /* Frameworks */ = {
			isa = PBXFrameworksBuildPhase;
			buildActionMask = 2147483647;
			files = (
			);
			runOnlyForDeploymentPostprocessing = 0;
		};
/* End PBXFrameworksBuildPhase section */

/* Begin PBXGroup section */
		05C4B2942B910A870045862E = {
			isa = PBXGroup;
			children = (
				05C4B29F2B910A880045862E /* KanbanBoard */,
				05C4B29E2B910A880045862E /* Products */,
			);
			sourceTree = "<group>";
		};
		05C4B29E2B910A880045862E /* Products */ = {
			isa = PBXGroup;
			children = (
				05C4B29D2B910A880045862E /* KanbanBoard.app */,
			);
			name = Products;
			sourceTree = "<group>";
		};
		05C4B29F2B910A880045862E /* KanbanBoard */ = {
			isa = PBXGroup;
			children = (
				05C4B2A02B910A880045862E /* KanbanBoardApp.swift */,
				05C4B2A22B910A880045862E /* TaskView.swift */,
				05C4B2AF2B9120AA0045862E /* TaskLoader.swift */,
				05C4B2A42B910A8A0045862E /* Assets.xcassets */,
				05C4B2B52B91218F0045862E /* Tasks.md */,
				05C4B2A92B910A8A0045862E /* KanbanBoard.entitlements */,
				05C4B2A62B910A8A0045862E /* Preview Content */,
			);
			path = KanbanBoard;
			sourceTree = "<group>";
		};
		05C4B2A62B910A8A0045862E /* Preview Content */ = {
			isa = PBXGroup;
			children = (
				05C4B2A72B910A8A0045862E /* Preview Assets.xcassets */,
			);
			path = "Preview Content";
			sourceTree = "<group>";
		};
/* End PBXGroup section */

/* Begin PBXNativeTarget section */
		05C4B29C2B910A880045862E /* KanbanBoard */ = {
			isa = PBXNativeTarget;
			buildConfigurationList = 05C4B2AC2B910A8A0045862E /* Build configuration list for PBXNativeTarget "KanbanBoard" */;
			buildPhases = (
				05C4B2992B910A880045862E /* Sources */,
				05C4B29A2B910A880045862E /* Frameworks */,
				05C4B29B2B910A880045862E /* Resources */,
			);
			buildRules = (
			);
			dependencies = (
			);
			name = KanbanBoard;
			productName = KanbanBoard;
			productReference = 05C4B29D2B910A880045862E /* KanbanBoard.app */;
			productType = "com.apple.product-type.application";
		};
/* End PBXNativeTarget section */

/* Begin PBXProject section */
		05C4B2952B910A870045862E /* Project object */ = {
			isa = PBXProject;
			attributes = {
				BuildIndependentTargetsInParallel = 1;
				LastSwiftUpdateCheck = 1520;
				LastUpgradeCheck = 1520;
				TargetAttributes = {
					05C4B29C2B910A880045862E = {
						CreatedOnToolsVersion = 15.2;
					};
				};
			};
			buildConfigurationList = 05C4B2982B910A870045862E /* Build configuration list for PBXProject "KanbanBoard" */;
			compatibilityVersion = "Xcode 14.0";
			developmentRegion = en;
			hasScannedForEncodings = 0;
			knownRegions = (
				en,
				Base,
			);
			mainGroup = 05C4B2942B910A870045862E;
			productRefGroup = 05C4B29E2B910A880045862E /* Products */;
			projectDirPath = "";
			projectRoot = "";
			targets = (
				05C4B29C2B910A880045862E /* KanbanBoard */,
			);
		};
/* End PBXProject section */

/* Begin PBXResourcesBuildPhase section */
		05C4B29B2B910A880045862E /* Resources */ = {
			isa = PBXResourcesBuildPhase;
			buildActionMask = 2147483647;
			files = (
				05C4B2A82B910A8A0045862E /* Preview Assets.xcassets in Resources */,
				05C4B2A52B910A8A0045862E /* Assets.xcassets in Resources */,
				05C4B2B62B91218F0045862E /* Tasks.md in Resources */,
			);
			runOnlyForDeploymentPostprocessing = 0;
		};
/* End PBXResourcesBuildPhase section */

/* Begin PBXSourcesBuildPhase section */
		05C4B2992B910A880045862E /* Sources */ = {
			isa = PBXSourcesBuildPhase;
			buildActionMask = 2147483647;
			files = (
				05C4B2A32B910A880045862E /* TaskView.swift in Sources */,
				05C4B2A12B910A880045862E /* KanbanBoardApp.swift in Sources */,
				05C4B2B02B9120AA0045862E /* TaskLoader.swift in Sources */,
			);
			runOnlyForDeploymentPostprocessing = 0;
		};
/* End PBXSourcesBuildPhase section */

/* Begin XCBuildConfiguration section */
		05C4B2AA2B910A8A0045862E /* Debug */ = {
			isa = XCBuildConfiguration;
			buildSettings = {
				ALWAYS_SEARCH_USER_PATHS = NO;
				ASSETCATALOG_COMPILER_GENERATE_SWIFT_ASSET_SYMBOL_EXTENSIONS = YES;
				CLANG_ANALYZER_NONNULL = YES;
				CLANG_ANALYZER_NUMBER_OBJECT_CONVERSION = YES_AGGRESSIVE;
				CLANG_CXX_LANGUAGE_STANDARD = "gnu++20";
				CLANG_ENABLE_MODULES = YES;
				CLANG_ENABLE_OBJC_ARC = YES;
				CLANG_ENABLE_OBJC_WEAK = YES;
				CLANG_WARN_BLOCK_CAPTURE_AUTORELEASING = YES;
				CLANG_WARN_BOOL_CONVERSION = YES;
				CLANG_WARN_COMMA = YES;
				CLANG_WARN_CONSTANT_CONVERSION = YES;
				CLANG_WARN_DEPRECATED_OBJC_IMPLEMENTATIONS = YES;
				CLANG_WARN_DIRECT_OBJC_ISA_USAGE = YES_ERROR;
				CLANG_WARN_DOCUMENTATION_COMMENTS = YES;
				CLANG_WARN_EMPTY_BODY = YES;
				CLANG_WARN_ENUM_CONVERSION = YES;
				CLANG_WARN_INFINITE_RECURSION = YES;
				CLANG_WARN_INT_CONVERSION = YES;
				CLANG_WARN_NON_LITERAL_NULL_CONVERSION = YES;
				CLANG_WARN_OBJC_IMPLICIT_RETAIN_SELF = YES;
				CLANG_WARN_OBJC_LITERAL_CONVERSION = YES;
				CLANG_WARN_OBJC_ROOT_CLASS = YES_ERROR;
				CLANG_WARN_QUOTED_INCLUDE_IN_FRAMEWORK_HEADER = YES;
				CLANG_WARN_RANGE_LOOP_ANALYSIS = YES;
				CLANG_WARN_STRICT_PROTOTYPES = YES;
				CLANG_WARN_SUSPICIOUS_MOVE = YES;
				CLANG_WARN_UNGUARDED_AVAILABILITY = YES_AGGRESSIVE;
				CLANG_WARN_UNREACHABLE_CODE = YES;
				CLANG_WARN__DUPLICATE_METHOD_MATCH = YES;
				COPY_PHASE_STRIP = NO;
				DEBUG_INFORMATION_FORMAT = dwarf;
				ENABLE_STRICT_OBJC_MSGSEND = YES;
				ENABLE_TESTABILITY = YES;
				ENABLE_USER_SCRIPT_SANDBOXING = YES;
				GCC_C_LANGUAGE_STANDARD = gnu17;
				GCC_DYNAMIC_NO_PIC = NO;
				GCC_NO_COMMON_BLOCKS = YES;
				GCC_OPTIMIZATION_LEVEL = 0;
				GCC_PREPROCESSOR_DEFINITIONS = (
					"DEBUG=1",
					"$(inherited)",
				);
				GCC_WARN_64_TO_32_BIT_CONVERSION = YES;
				GCC_WARN_ABOUT_RETURN_TYPE = YES_ERROR;
				GCC_WARN_UNDECLARED_SELECTOR = YES;
				GCC_WARN_UNINITIALIZED_AUTOS = YES_AGGRESSIVE;
				GCC_WARN_UNUSED_FUNCTION = YES;
				GCC_WARN_UNUSED_VARIABLE = YES;
				LOCALIZATION_PREFERS_STRING_CATALOGS = YES;
				MACOSX_DEPLOYMENT_TARGET = 14.0;
				MTL_ENABLE_DEBUG_INFO = INCLUDE_SOURCE;
				MTL_FAST_MATH = YES;
				ONLY_ACTIVE_ARCH = YES;
				SDKROOT = macosx;
				SWIFT_ACTIVE_COMPILATION_CONDITIONS = "DEBUG $(inherited)";
				SWIFT_OPTIMIZATION_LEVEL = "-Onone";
			};
			name = Debug;
		};
		05C4B2AB2B910A8A0045862E /* Release */ = {
			isa = XCBuildConfiguration;
			buildSettings = {
				ALWAYS_SEARCH_USER_PATHS = NO;
				ASSETCATALOG_COMPILER_GENERATE_SWIFT_ASSET_SYMBOL_EXTENSIONS = YES;
				CLANG_ANALYZER_NONNULL = YES;
				CLANG_ANALYZER_NUMBER_OBJECT_CONVERSION = YES_AGGRESSIVE;
				CLANG_CXX_LANGUAGE_STANDARD = "gnu++20";
				CLANG_ENABLE_MODULES = YES;
				CLANG_ENABLE_OBJC_ARC = YES;
				CLANG_ENABLE_OBJC_WEAK = YES;
				CLANG_WARN_BLOCK_CAPTURE_AUTORELEASING = YES;
				CLANG_WARN_BOOL_CONVERSION = YES;
				CLANG_WARN_COMMA = YES;
				CLANG_WARN_CONSTANT_CONVERSION = YES;
				CLANG_WARN_DEPRECATED_OBJC_IMPLEMENTATIONS = YES;
				CLANG_WARN_DIRECT_OBJC_ISA_USAGE = YES_ERROR;
				CLANG_WARN_DOCUMENTATION_COMMENTS = YES;
				CLANG_WARN_EMPTY_BODY = YES;
				CLANG_WARN_ENUM_CONVERSION = YES;
				CLANG_WARN_INFINITE_RECURSION = YES;
				CLANG_WARN_INT_CONVERSION = YES;
				CLANG_WARN_NON_LITERAL_NULL_CONVERSION = YES;
				CLANG_WARN_OBJC_IMPLICIT_RETAIN_SELF = YES;
				CLANG_WARN_OBJC_LITERAL_CONVERSION = YES;
				CLANG_WARN_OBJC_ROOT_CLASS = YES_ERROR;
				CLANG_WARN_QUOTED_INCLUDE_IN_FRAMEWORK_HEADER = YES;
				CLANG_WARN_RANGE_LOOP_ANALYSIS = YES;
				CLANG_WARN_STRICT_PROTOTYPES = YES;
				CLANG_WARN_SUSPICIOUS_MOVE = YES;
				CLANG_WARN_UNGUARDED_AVAILABILITY = YES_AGGRESSIVE;
				CLANG_WARN_UNREACHABLE_CODE = YES;
				CLANG_WARN__DUPLICATE_METHOD_MATCH = YES;
				COPY_PHASE_STRIP = NO;
				DEBUG_INFORMATION_FORMAT = "dwarf-with-dsym";
				ENABLE_NS_ASSERTIONS = NO;
				ENABLE_STRICT_OBJC_MSGSEND = YES;
				ENABLE_USER_SCRIPT_SANDBOXING = YES;
				GCC_C_LANGUAGE_STANDARD = gnu17;
				GCC_NO_COMMON_BLOCKS = YES;
				GCC_WARN_64_TO_32_BIT_CONVERSION = YES;
				GCC_WARN_ABOUT_RETURN_TYPE = YES_ERROR;
				GCC_WARN_UNDECLARED_SELECTOR = YES;
				GCC_WARN_UNINITIALIZED_AUTOS = YES_AGGRESSIVE;
				GCC_WARN_UNUSED_FUNCTION = YES;
				GCC_WARN_UNUSED_VARIABLE = YES;
				LOCALIZATION_PREFERS_STRING_CATALOGS = YES;
				MACOSX_DEPLOYMENT_TARGET = 14.0;
				MTL_ENABLE_DEBUG_INFO = NO;
				MTL_FAST_MATH = YES;
				SDKROOT = macosx;
				SWIFT_COMPILATION_MODE = wholemodule;
			};
			name = Release;
		};
		05C4B2AD2B910A8A0045862E /* Debug */ = {
			isa = XCBuildConfiguration;
			buildSettings = {
				ASSETCATALOG_COMPILER_APPICON_NAME = AppIcon;
				ASSETCATALOG_COMPILER_GLOBAL_ACCENT_COLOR_NAME = AccentColor;
				CODE_SIGN_ENTITLEMENTS = KanbanBoard/KanbanBoard.entitlements;
				CODE_SIGN_STYLE = Automatic;
				COMBINE_HIDPI_IMAGES = YES;
				CURRENT_PROJECT_VERSION = 1;
				DEVELOPMENT_ASSET_PATHS = "\"KanbanBoard/Preview Content\"";
				DEVELOPMENT_TEAM = 5QLDF2MFKF;
				ENABLE_HARDENED_RUNTIME = YES;
				ENABLE_PREVIEWS = YES;
				GENERATE_INFOPLIST_FILE = YES;
				INFOPLIST_KEY_NSHumanReadableCopyright = "";
				LD_RUNPATH_SEARCH_PATHS = (
					"$(inherited)",
					"@executable_path/../Frameworks",
				);
				MARKETING_VERSION = 1.0;
				PRODUCT_BUNDLE_IDENTIFIER = com.samo.KanbanBoard;
				PRODUCT_NAME = "$(TARGET_NAME)";
				SWIFT_EMIT_LOC_STRINGS = YES;
				SWIFT_VERSION = 5.0;
			};
			name = Debug;
		};
		05C4B2AE2B910A8A0045862E /* Release */ = {
			isa = XCBuildConfiguration;
			buildSettings = {
				ASSETCATALOG_COMPILER_APPICON_NAME = AppIcon;
				ASSETCATALOG_COMPILER_GLOBAL_ACCENT_COLOR_NAME = AccentColor;
				CODE_SIGN_ENTITLEMENTS = KanbanBoard/KanbanBoard.entitlements;
				CODE_SIGN_STYLE = Automatic;
				COMBINE_HIDPI_IMAGES = YES;
				CURRENT_PROJECT_VERSION = 1;
				DEVELOPMENT_ASSET_PATHS = "\"KanbanBoard/Preview Content\"";
				DEVELOPMENT_TEAM = 5QLDF2MFKF;
				ENABLE_HARDENED_RUNTIME = YES;
				ENABLE_PREVIEWS = YES;
				GENERATE_INFOPLIST_FILE = YES;
				INFOPLIST_KEY_NSHumanReadableCopyright = "";
				LD_RUNPATH_SEARCH_PATHS = (
					"$(inherited)",
					"@executable_path/../Frameworks",
				);
				MARKETING_VERSION = 1.0;
				PRODUCT_BUNDLE_IDENTIFIER = com.samo.KanbanBoard;
				PRODUCT_NAME = "$(TARGET_NAME)";
				SWIFT_EMIT_LOC_STRINGS = YES;
				SWIFT_VERSION = 5.0;
			};
			name = Release;
		};
/* End XCBuildConfiguration section */

/* Begin XCConfigurationList section */
		05C4B2982B910A870045862E /* Build configuration list for PBXProject "KanbanBoard" */ = {
			isa = XCConfigurationList;
			buildConfigurations = (
				05C4B2AA2B910A8A0045862E /* Debug */,
				05C4B2AB2B910A8A0045862E /* Release */,
			);
			defaultConfigurationIsVisible = 0;
			defaultConfigurationName = Release;
		};
		05C4B2AC2B910A8A0045862E /* Build configuration list for PBXNativeTarget "KanbanBoard" */ = {
			isa = XCConfigurationList;
			buildConfigurations = (
				05C4B2AD2B910A8A0045862E /* Debug */,
				05C4B2AE2B910A8A0045862E /* Release */,
			);
			defaultConfigurationIsVisible = 0;
			defaultConfigurationName = Release;
		};
/* End XCConfigurationList section */
	};
	rootObject = 05C4B2952B910A870045862E /* Project object */;
}
